// !$*UTF8*$!
{
	archiveVersion = 1;
	classes = {
	};
	objectVersion = 56;
	objects = {

/* Begin PBXBuildFile section */
		5BA8B88B2BAC843F008CB6A7 /* Color+Extesions.swift in Sources */ = {isa = PBXBuildFile; fileRef = 5BA8B88A2BAC843F008CB6A7 /* Color+Extesions.swift */; };
		5BA8B8932BAC976D008CB6A7 /* Alamofire in Frameworks */ = {isa = PBXBuildFile; productRef = 5BA8B8922BAC976D008CB6A7 /* Alamofire */; };
		5BA8B8952BAC976D008CB6A7 /* AlamofireDynamic in Frameworks */ = {isa = PBXBuildFile; productRef = 5BA8B8942BAC976D008CB6A7 /* AlamofireDynamic */; };
		5BAE1EA42BAB5F3A0076975E /* Trivia_App.swift in Sources */ = {isa = PBXBuildFile; fileRef = 5BAE1EA32BAB5F3A0076975E /* Trivia_App.swift */; };
		5BAE1EA62BAB5F3A0076975E /* ContentView.swift in Sources */ = {isa = PBXBuildFile; fileRef = 5BAE1EA52BAB5F3A0076975E /* ContentView.swift */; };
		5BAE1EA82BAB5F3B0076975E /* Assets.xcassets in Resources */ = {isa = PBXBuildFile; fileRef = 5BAE1EA72BAB5F3B0076975E /* Assets.xcassets */; };
		5BAE1EAB2BAB5F3B0076975E /* Preview Assets.xcassets in Resources */ = {isa = PBXBuildFile; fileRef = 5BAE1EAA2BAB5F3B0076975E /* Preview Assets.xcassets */; };
		5BAE1EB32BAB625D0076975E /* PrimaryButton.swift in Sources */ = {isa = PBXBuildFile; fileRef = 5BAE1EB22BAB625D0076975E /* PrimaryButton.swift */; };
		5BAE1EB62BAB68280076975E /* Title+Extensions.swift in Sources */ = {isa = PBXBuildFile; fileRef = 5BAE1EB52BAB68280076975E /* Title+Extensions.swift */; };
		5BAE1EB82BAB68C10076975E /* QuestionView.swift in Sources */ = {isa = PBXBuildFile; fileRef = 5BAE1EB72BAB68C10076975E /* QuestionView.swift */; };
		5BAE1EBA2BAB6B5B0076975E /* ProgressBar.swift in Sources */ = {isa = PBXBuildFile; fileRef = 5BAE1EB92BAB6B5B0076975E /* ProgressBar.swift */; };
		5BAE1EBD2BAB6DA90076975E /* Answers.swift in Sources */ = {isa = PBXBuildFile; fileRef = 5BAE1EBC2BAB6DA90076975E /* Answers.swift */; };
		5BAE1EBF2BAB6DEA0076975E /* AnswerRow.swift in Sources */ = {isa = PBXBuildFile; fileRef = 5BAE1EBE2BAB6DEA0076975E /* AnswerRow.swift */; };
		5BAE1EC12BAB756F0076975E /* TriviaView.swift in Sources */ = {isa = PBXBuildFile; fileRef = 5BAE1EC02BAB756F0076975E /* TriviaView.swift */; };
		5BAE1EC32BAB7E4E0076975E /* Trivia.swift in Sources */ = {isa = PBXBuildFile; fileRef = 5BAE1EC22BAB7E4D0076975E /* Trivia.swift */; };
		5BAE1EC52BAB83020076975E /* TriviaManager.swift in Sources */ = {isa = PBXBuildFile; fileRef = 5BAE1EC42BAB83020076975E /* TriviaManager.swift */; };
/* End PBXBuildFile section */

/* Begin PBXFileReference section */
		5BA8B88A2BAC843F008CB6A7 /* Color+Extesions.swift */ = {isa = PBXFileReference; lastKnownFileType = sourcecode.swift; path = "Color+Extesions.swift"; sourceTree = "<group>"; };
		5BAE1EA02BAB5F3A0076975E /* Trivia-App.app */ = {isa = PBXFileReference; explicitFileType = wrapper.application; includeInIndex = 0; path = "Trivia-App.app"; sourceTree = BUILT_PRODUCTS_DIR; };
		5BAE1EA32BAB5F3A0076975E /* Trivia_App.swift */ = {isa = PBXFileReference; lastKnownFileType = sourcecode.swift; path = Trivia_App.swift; sourceTree = "<group>"; };
		5BAE1EA52BAB5F3A0076975E /* ContentView.swift */ = {isa = PBXFileReference; lastKnownFileType = sourcecode.swift; path = ContentView.swift; sourceTree = "<group>"; };
		5BAE1EA72BAB5F3B0076975E /* Assets.xcassets */ = {isa = PBXFileReference; lastKnownFileType = folder.assetcatalog; path = Assets.xcassets; sourceTree = "<group>"; };
		5BAE1EAA2BAB5F3B0076975E /* Preview Assets.xcassets */ = {isa = PBXFileReference; lastKnownFileType = folder.assetcatalog; path = "Preview Assets.xcassets"; sourceTree = "<group>"; };
		5BAE1EB22BAB625D0076975E /* PrimaryButton.swift */ = {isa = PBXFileReference; lastKnownFileType = sourcecode.swift; path = PrimaryButton.swift; sourceTree = "<group>"; };
		5BAE1EB52BAB68280076975E /* Title+Extensions.swift */ = {isa = PBXFileReference; lastKnownFileType = sourcecode.swift; path = "Title+Extensions.swift"; sourceTree = "<group>"; };
		5BAE1EB72BAB68C10076975E /* QuestionView.swift */ = {isa = PBXFileReference; lastKnownFileType = sourcecode.swift; path = QuestionView.swift; sourceTree = "<group>"; };
		5BAE1EB92BAB6B5B0076975E /* ProgressBar.swift */ = {isa = PBXFileReference; lastKnownFileType = sourcecode.swift; path = ProgressBar.swift; sourceTree = "<group>"; };
		5BAE1EBC2BAB6DA90076975E /* Answers.swift */ = {isa = PBXFileReference; lastKnownFileType = sourcecode.swift; path = Answers.swift; sourceTree = "<group>"; };
		5BAE1EBE2BAB6DEA0076975E /* AnswerRow.swift */ = {isa = PBXFileReference; lastKnownFileType = sourcecode.swift; path = AnswerRow.swift; sourceTree = "<group>"; };
		5BAE1EC02BAB756F0076975E /* TriviaView.swift */ = {isa = PBXFileReference; lastKnownFileType = sourcecode.swift; path = TriviaView.swift; sourceTree = "<group>"; };
		5BAE1EC22BAB7E4D0076975E /* Trivia.swift */ = {isa = PBXFileReference; lastKnownFileType = sourcecode.swift; path = Trivia.swift; sourceTree = "<group>"; };
		5BAE1EC42BAB83020076975E /* TriviaManager.swift */ = {isa = PBXFileReference; lastKnownFileType = sourcecode.swift; path = TriviaManager.swift; sourceTree = "<group>"; };
/* End PBXFileReference section */

/* Begin PBXFrameworksBuildPhase section */
		5BAE1E9D2BAB5F3A0076975E /* Frameworks */ = {
			isa = PBXFrameworksBuildPhase;
			buildActionMask = 2147483647;
			files = (
				5BA8B8932BAC976D008CB6A7 /* Alamofire in Frameworks */,
				5BA8B8952BAC976D008CB6A7 /* AlamofireDynamic in Frameworks */,
			);
			runOnlyForDeploymentPostprocessing = 0;
		};
/* End PBXFrameworksBuildPhase section */

/* Begin PBXGroup section */
		5BAE1E972BAB5F3A0076975E = {
			isa = PBXGroup;
			children = (
				5BAE1EA22BAB5F3A0076975E /* Trivia-App */,
				5BAE1EA12BAB5F3A0076975E /* Products */,
			);
			sourceTree = "<group>";
		};
		5BAE1EA12BAB5F3A0076975E /* Products */ = {
			isa = PBXGroup;
			children = (
				5BAE1EA02BAB5F3A0076975E /* Trivia-App.app */,
			);
			name = Products;
			sourceTree = "<group>";
		};
		5BAE1EA22BAB5F3A0076975E /* Trivia-App */ = {
			isa = PBXGroup;
			children = (
				5BAE1EA32BAB5F3A0076975E /* Trivia_App.swift */,
				5BAE1EC62BAB86210076975E /* Manager */,
				5BAE1EBB2BAB6D9F0076975E /* Models */,
				5BAE1EB42BAB63330076975E /* Views */,
				5BAE1EB12BAB62440076975E /* Components */,
				5BBD29672BAC7531006FB242 /* Extensions */,
				5BAE1EA92BAB5F3B0076975E /* Preview Content */,
			);
			path = "Trivia-App";
			sourceTree = "<group>";
		};
		5BAE1EA92BAB5F3B0076975E /* Preview Content */ = {
			isa = PBXGroup;
			children = (
				5BAE1EA72BAB5F3B0076975E /* Assets.xcassets */,
				5BAE1EAA2BAB5F3B0076975E /* Preview Assets.xcassets */,
			);
			path = "Preview Content";
			sourceTree = "<group>";
		};
		5BAE1EB12BAB62440076975E /* Components */ = {
			isa = PBXGroup;
			children = (
				5BAE1EBE2BAB6DEA0076975E /* AnswerRow.swift */,
				5BAE1EB92BAB6B5B0076975E /* ProgressBar.swift */,
				5BAE1EB22BAB625D0076975E /* PrimaryButton.swift */,
			);
			path = Components;
			sourceTree = "<group>";
		};
		5BAE1EB42BAB63330076975E /* Views */ = {
			isa = PBXGroup;
			children = (
				5BAE1EC02BAB756F0076975E /* TriviaView.swift */,
				5BAE1EA52BAB5F3A0076975E /* ContentView.swift */,
				5BAE1EB72BAB68C10076975E /* QuestionView.swift */,
			);
			path = Views;
			sourceTree = "<group>";
		};
		5BAE1EBB2BAB6D9F0076975E /* Models */ = {
			isa = PBXGroup;
			children = (
				5BAE1EC22BAB7E4D0076975E /* Trivia.swift */,
				5BAE1EBC2BAB6DA90076975E /* Answers.swift */,
			);
			path = Models;
			sourceTree = "<group>";
		};
		5BAE1EC62BAB86210076975E /* Manager */ = {
			isa = PBXGroup;
			children = (
				5BAE1EC42BAB83020076975E /* TriviaManager.swift */,
			);
			path = Manager;
			sourceTree = "<group>";
		};
		5BBD29672BAC7531006FB242 /* Extensions */ = {
			isa = PBXGroup;
			children = (
				5BA8B88A2BAC843F008CB6A7 /* Color+Extesions.swift */,
				5BAE1EB52BAB68280076975E /* Title+Extensions.swift */,
			);
			path = Extensions;
			sourceTree = "<group>";
		};
/* End PBXGroup section */

/* Begin PBXNativeTarget section */
		5BAE1E9F2BAB5F3A0076975E /* Trivia-App */ = {
			isa = PBXNativeTarget;
			buildConfigurationList = 5BAE1EAE2BAB5F3B0076975E /* Build configuration list for PBXNativeTarget "Trivia-App" */;
			buildPhases = (
				5BAE1E9C2BAB5F3A0076975E /* Sources */,
				5BAE1E9D2BAB5F3A0076975E /* Frameworks */,
				5BAE1E9E2BAB5F3A0076975E /* Resources */,
			);
			buildRules = (
			);
			dependencies = (
			);
			name = "Trivia-App";
			packageProductDependencies = (
				5BA8B8922BAC976D008CB6A7 /* Alamofire */,
				5BA8B8942BAC976D008CB6A7 /* AlamofireDynamic */,
			);
			productName = "Trivia-App";
			productReference = 5BAE1EA02BAB5F3A0076975E /* Trivia-App.app */;
			productType = "com.apple.product-type.application";
		};
/* End PBXNativeTarget section */

/* Begin PBXProject section */
		5BAE1E982BAB5F3A0076975E /* Project object */ = {
			isa = PBXProject;
			attributes = {
				BuildIndependentTargetsInParallel = 1;
				LastSwiftUpdateCheck = 1520;
				LastUpgradeCheck = 1520;
				TargetAttributes = {
					5BAE1E9F2BAB5F3A0076975E = {
						CreatedOnToolsVersion = 15.2;
					};
				};
			};
			buildConfigurationList = 5BAE1E9B2BAB5F3A0076975E /* Build configuration list for PBXProject "Trivia-App" */;
			compatibilityVersion = "Xcode 14.0";
			developmentRegion = en;
			hasScannedForEncodings = 0;
			knownRegions = (
				en,
				Base,
			);
			mainGroup = 5BAE1E972BAB5F3A0076975E;
			packageReferences = (
				5BA8B8912BAC976D008CB6A7 /* XCRemoteSwiftPackageReference "Alamofire" */,
			);
			productRefGroup = 5BAE1EA12BAB5F3A0076975E /* Products */;
			projectDirPath = "";
			projectRoot = "";
			targets = (
				5BAE1E9F2BAB5F3A0076975E /* Trivia-App */,
			);
		};
/* End PBXProject section */

/* Begin PBXResourcesBuildPhase section */
		5BAE1E9E2BAB5F3A0076975E /* Resources */ = {
			isa = PBXResourcesBuildPhase;
			buildActionMask = 2147483647;
			files = (
				5BAE1EAB2BAB5F3B0076975E /* Preview Assets.xcassets in Resources */,
				5BAE1EA82BAB5F3B0076975E /* Assets.xcassets in Resources */,
			);
			runOnlyForDeploymentPostprocessing = 0;
		};
/* End PBXResourcesBuildPhase section */

/* Begin PBXSourcesBuildPhase section */
		5BAE1E9C2BAB5F3A0076975E /* Sources */ = {
			isa = PBXSourcesBuildPhase;
			buildActionMask = 2147483647;
			files = (
				5BAE1EBD2BAB6DA90076975E /* Answers.swift in Sources */,
				5BAE1EC12BAB756F0076975E /* TriviaView.swift in Sources */,
				5BAE1EC32BAB7E4E0076975E /* Trivia.swift in Sources */,
				5BAE1EB82BAB68C10076975E /* QuestionView.swift in Sources */,
				5BA8B88B2BAC843F008CB6A7 /* Color+Extesions.swift in Sources */,
				5BAE1EC52BAB83020076975E /* TriviaManager.swift in Sources */,
				5BAE1EB32BAB625D0076975E /* PrimaryButton.swift in Sources */,
				5BAE1EA62BAB5F3A0076975E /* ContentView.swift in Sources */,
				5BAE1EA42BAB5F3A0076975E /* Trivia_App.swift in Sources */,
				5BAE1EBA2BAB6B5B0076975E /* ProgressBar.swift in Sources */,
				5BAE1EBF2BAB6DEA0076975E /* AnswerRow.swift in Sources */,
				5BAE1EB62BAB68280076975E /* Title+Extensions.swift in Sources */,
			);
			runOnlyForDeploymentPostprocessing = 0;
		};
/* End PBXSourcesBuildPhase section */

/* Begin XCBuildConfiguration section */
		5BAE1EAC2BAB5F3B0076975E /* Debug */ = {
			isa = XCBuildConfiguration;
			buildSettings = {
				ALWAYS_SEARCH_USER_PATHS = NO;
				ASSETCATALOG_COMPILER_GENERATE_SWIFT_ASSET_SYMBOL_EXTENSIONS = YES;
				CLANG_ANALYZER_NONNULL = YES;
				CLANG_ANALYZER_NUMBER_OBJECT_CONVERSION = YES_AGGRESSIVE;
				CLANG_CXX_LANGUAGE_STANDARD = "gnu++20";
				CLANG_ENABLE_MODULES = YES;
				CLANG_ENABLE_OBJC_ARC = YES;
				CLANG_ENABLE_OBJC_WEAK = YES;
				CLANG_WARN_BLOCK_CAPTURE_AUTORELEASING = YES;
				CLANG_WARN_BOOL_CONVERSION = YES;
				CLANG_WARN_COMMA = YES;
				CLANG_WARN_CONSTANT_CONVERSION = YES;
				CLANG_WARN_DEPRECATED_OBJC_IMPLEMENTATIONS = YES;
				CLANG_WARN_DIRECT_OBJC_ISA_USAGE = YES_ERROR;
				CLANG_WARN_DOCUMENTATION_COMMENTS = YES;
				CLANG_WARN_EMPTY_BODY = YES;
				CLANG_WARN_ENUM_CONVERSION = YES;
				CLANG_WARN_INFINITE_RECURSION = YES;
				CLANG_WARN_INT_CONVERSION = YES;
				CLANG_WARN_NON_LITERAL_NULL_CONVERSION = YES;
				CLANG_WARN_OBJC_IMPLICIT_RETAIN_SELF = YES;
				CLANG_WARN_OBJC_LITERAL_CONVERSION = YES;
				CLANG_WARN_OBJC_ROOT_CLASS = YES_ERROR;
				CLANG_WARN_QUOTED_INCLUDE_IN_FRAMEWORK_HEADER = YES;
				CLANG_WARN_RANGE_LOOP_ANALYSIS = YES;
				CLANG_WARN_STRICT_PROTOTYPES = YES;
				CLANG_WARN_SUSPICIOUS_MOVE = YES;
				CLANG_WARN_UNGUARDED_AVAILABILITY = YES_AGGRESSIVE;
				CLANG_WARN_UNREACHABLE_CODE = YES;
				CLANG_WARN__DUPLICATE_METHOD_MATCH = YES;
				COPY_PHASE_STRIP = NO;
				DEBUG_INFORMATION_FORMAT = dwarf;
				ENABLE_STRICT_OBJC_MSGSEND = YES;
				ENABLE_TESTABILITY = YES;
				ENABLE_USER_SCRIPT_SANDBOXING = YES;
				GCC_C_LANGUAGE_STANDARD = gnu17;
				GCC_DYNAMIC_NO_PIC = NO;
				GCC_NO_COMMON_BLOCKS = YES;
				GCC_OPTIMIZATION_LEVEL = 0;
				GCC_PREPROCESSOR_DEFINITIONS = (
					"DEBUG=1",
					"$(inherited)",
				);
				GCC_WARN_64_TO_32_BIT_CONVERSION = YES;
				GCC_WARN_ABOUT_RETURN_TYPE = YES_ERROR;
				GCC_WARN_UNDECLARED_SELECTOR = YES;
				GCC_WARN_UNINITIALIZED_AUTOS = YES_AGGRESSIVE;
				GCC_WARN_UNUSED_FUNCTION = YES;
				GCC_WARN_UNUSED_VARIABLE = YES;
				IPHONEOS_DEPLOYMENT_TARGET = 17.0;
				LOCALIZATION_PREFERS_STRING_CATALOGS = YES;
				MTL_ENABLE_DEBUG_INFO = INCLUDE_SOURCE;
				MTL_FAST_MATH = YES;
				ONLY_ACTIVE_ARCH = YES;
				SDKROOT = iphoneos;
				SWIFT_ACTIVE_COMPILATION_CONDITIONS = "DEBUG $(inherited)";
				SWIFT_OPTIMIZATION_LEVEL = "-Onone";
			};
			name = Debug;
		};
		5BAE1EAD2BAB5F3B0076975E /* Release */ = {
			isa = XCBuildConfiguration;
			buildSettings = {
				ALWAYS_SEARCH_USER_PATHS = NO;
				ASSETCATALOG_COMPILER_GENERATE_SWIFT_ASSET_SYMBOL_EXTENSIONS = YES;
				CLANG_ANALYZER_NONNULL = YES;
				CLANG_ANALYZER_NUMBER_OBJECT_CONVERSION = YES_AGGRESSIVE;
				CLANG_CXX_LANGUAGE_STANDARD = "gnu++20";
				CLANG_ENABLE_MODULES = YES;
				CLANG_ENABLE_OBJC_ARC = YES;
				CLANG_ENABLE_OBJC_WEAK = YES;
				CLANG_WARN_BLOCK_CAPTURE_AUTORELEASING = YES;
				CLANG_WARN_BOOL_CONVERSION = YES;
				CLANG_WARN_COMMA = YES;
				CLANG_WARN_CONSTANT_CONVERSION = YES;
				CLANG_WARN_DEPRECATED_OBJC_IMPLEMENTATIONS = YES;
				CLANG_WARN_DIRECT_OBJC_ISA_USAGE = YES_ERROR;
				CLANG_WARN_DOCUMENTATION_COMMENTS = YES;
				CLANG_WARN_EMPTY_BODY = YES;
				CLANG_WARN_ENUM_CONVERSION = YES;
				CLANG_WARN_INFINITE_RECURSION = YES;
				CLANG_WARN_INT_CONVERSION = YES;
				CLANG_WARN_NON_LITERAL_NULL_CONVERSION = YES;
				CLANG_WARN_OBJC_IMPLICIT_RETAIN_SELF = YES;
				CLANG_WARN_OBJC_LITERAL_CONVERSION = YES;
				CLANG_WARN_OBJC_ROOT_CLASS = YES_ERROR;
				CLANG_WARN_QUOTED_INCLUDE_IN_FRAMEWORK_HEADER = YES;
				CLANG_WARN_RANGE_LOOP_ANALYSIS = YES;
				CLANG_WARN_STRICT_PROTOTYPES = YES;
				CLANG_WARN_SUSPICIOUS_MOVE = YES;
				CLANG_WARN_UNGUARDED_AVAILABILITY = YES_AGGRESSIVE;
				CLANG_WARN_UNREACHABLE_CODE = YES;
				CLANG_WARN__DUPLICATE_METHOD_MATCH = YES;
				COPY_PHASE_STRIP = NO;
				DEBUG_INFORMATION_FORMAT = "dwarf-with-dsym";
				ENABLE_NS_ASSERTIONS = NO;
				ENABLE_STRICT_OBJC_MSGSEND = YES;
				ENABLE_USER_SCRIPT_SANDBOXING = YES;
				GCC_C_LANGUAGE_STANDARD = gnu17;
				GCC_NO_COMMON_BLOCKS = YES;
				GCC_WARN_64_TO_32_BIT_CONVERSION = YES;
				GCC_WARN_ABOUT_RETURN_TYPE = YES_ERROR;
				GCC_WARN_UNDECLARED_SELECTOR = YES;
				GCC_WARN_UNINITIALIZED_AUTOS = YES_AGGRESSIVE;
				GCC_WARN_UNUSED_FUNCTION = YES;
				GCC_WARN_UNUSED_VARIABLE = YES;
				IPHONEOS_DEPLOYMENT_TARGET = 17.0;
				LOCALIZATION_PREFERS_STRING_CATALOGS = YES;
				MTL_ENABLE_DEBUG_INFO = NO;
				MTL_FAST_MATH = YES;
				SDKROOT = iphoneos;
				SWIFT_COMPILATION_MODE = wholemodule;
				VALIDATE_PRODUCT = YES;
			};
			name = Release;
		};
		5BAE1EAF2BAB5F3B0076975E /* Debug */ = {
			isa = XCBuildConfiguration;
			buildSettings = {
				ASSETCATALOG_COMPILER_APPICON_NAME = AppIcon;
				ASSETCATALOG_COMPILER_GLOBAL_ACCENT_COLOR_NAME = AccentColor;
				CODE_SIGN_STYLE = Automatic;
				CURRENT_PROJECT_VERSION = 1;
				DEVELOPMENT_ASSET_PATHS = "\"Trivia-App/Preview Content\"";
				DEVELOPMENT_TEAM = G987S4UD4U;
				ENABLE_PREVIEWS = YES;
				GENERATE_INFOPLIST_FILE = YES;
				INFOPLIST_KEY_UIApplicationSceneManifest_Generation = YES;
				INFOPLIST_KEY_UIApplicationSupportsIndirectInputEvents = YES;
				INFOPLIST_KEY_UILaunchScreen_Generation = YES;
				INFOPLIST_KEY_UISupportedInterfaceOrientations_iPad = "UIInterfaceOrientationPortrait UIInterfaceOrientationPortraitUpsideDown UIInterfaceOrientationLandscapeLeft UIInterfaceOrientationLandscapeRight";
				INFOPLIST_KEY_UISupportedInterfaceOrientations_iPhone = "UIInterfaceOrientationPortrait UIInterfaceOrientationLandscapeLeft UIInterfaceOrientationLandscapeRight";
				IPHONEOS_DEPLOYMENT_TARGET = 17.0;
				LD_RUNPATH_SEARCH_PATHS = (
					"$(inherited)",
					"@executable_path/Frameworks",
				);
				MARKETING_VERSION = 1.0;
				PRODUCT_BUNDLE_IDENTIFIER = "Leo.Trivia-App";
				PRODUCT_NAME = "$(TARGET_NAME)";
				SWIFT_EMIT_LOC_STRINGS = YES;
				SWIFT_VERSION = 5.0;
				TARGETED_DEVICE_FAMILY = "1,2";
			};
			name = Debug;
		};
		5BAE1EB02BAB5F3B0076975E /* Release */ = {
			isa = XCBuildConfiguration;
			buildSettings = {
				ASSETCATALOG_COMPILER_APPICON_NAME = AppIcon;
				ASSETCATALOG_COMPILER_GLOBAL_ACCENT_COLOR_NAME = AccentColor;
				CODE_SIGN_STYLE = Automatic;
				CURRENT_PROJECT_VERSION = 1;
				DEVELOPMENT_ASSET_PATHS = "\"Trivia-App/Preview Content\"";
				DEVELOPMENT_TEAM = G987S4UD4U;
				ENABLE_PREVIEWS = YES;
				GENERATE_INFOPLIST_FILE = YES;
				INFOPLIST_KEY_UIApplicationSceneManifest_Generation = YES;
				INFOPLIST_KEY_UIApplicationSupportsIndirectInputEvents = YES;
				INFOPLIST_KEY_UILaunchScreen_Generation = YES;
				INFOPLIST_KEY_UISupportedInterfaceOrientations_iPad = "UIInterfaceOrientationPortrait UIInterfaceOrientationPortraitUpsideDown UIInterfaceOrientationLandscapeLeft UIInterfaceOrientationLandscapeRight";
				INFOPLIST_KEY_UISupportedInterfaceOrientations_iPhone = "UIInterfaceOrientationPortrait UIInterfaceOrientationLandscapeLeft UIInterfaceOrientationLandscapeRight";
				IPHONEOS_DEPLOYMENT_TARGET = 17.0;
				LD_RUNPATH_SEARCH_PATHS = (
					"$(inherited)",
					"@executable_path/Frameworks",
				);
				MARKETING_VERSION = 1.0;
				PRODUCT_BUNDLE_IDENTIFIER = "Leo.Trivia-App";
				PRODUCT_NAME = "$(TARGET_NAME)";
				SWIFT_EMIT_LOC_STRINGS = YES;
				SWIFT_VERSION = 5.0;
				TARGETED_DEVICE_FAMILY = "1,2";
			};
			name = Release;
		};
/* End XCBuildConfiguration section */

/* Begin XCConfigurationList section */
		5BAE1E9B2BAB5F3A0076975E /* Build configuration list for PBXProject "Trivia-App" */ = {
			isa = XCConfigurationList;
			buildConfigurations = (
				5BAE1EAC2BAB5F3B0076975E /* Debug */,
				5BAE1EAD2BAB5F3B0076975E /* Release */,
			);
			defaultConfigurationIsVisible = 0;
			defaultConfigurationName = Release;
		};
		5BAE1EAE2BAB5F3B0076975E /* Build configuration list for PBXNativeTarget "Trivia-App" */ = {
			isa = XCConfigurationList;
			buildConfigurations = (
				5BAE1EAF2BAB5F3B0076975E /* Debug */,
				5BAE1EB02BAB5F3B0076975E /* Release */,
			);
			defaultConfigurationIsVisible = 0;
			defaultConfigurationName = Release;
		};
/* End XCConfigurationList section */

/* Begin XCRemoteSwiftPackageReference section */
		5BA8B8912BAC976D008CB6A7 /* XCRemoteSwiftPackageReference "Alamofire" */ = {
			isa = XCRemoteSwiftPackageReference;
			repositoryURL = "https://github.com/Alamofire/Alamofire";
			requirement = {
				kind = upToNextMajorVersion;
				minimumVersion = 5.9.0;
			};
		};
/* End XCRemoteSwiftPackageReference section */

/* Begin XCSwiftPackageProductDependency section */
		5BA8B8922BAC976D008CB6A7 /* Alamofire */ = {
			isa = XCSwiftPackageProductDependency;
			package = 5BA8B8912BAC976D008CB6A7 /* XCRemoteSwiftPackageReference "Alamofire" */;
			productName = Alamofire;
		};
		5BA8B8942BAC976D008CB6A7 /* AlamofireDynamic */ = {
			isa = XCSwiftPackageProductDependency;
			package = 5BA8B8912BAC976D008CB6A7 /* XCRemoteSwiftPackageReference "Alamofire" */;
			productName = AlamofireDynamic;
		};
/* End XCSwiftPackageProductDependency section */
	};
	rootObject = 5BAE1E982BAB5F3A0076975E /* Project object */;
}
